
Microsoft Visual Studio Solution File, Format Version 12.00
# Visual Studio Version 17
VisualStudioVersion = 17.7.34018.315
MinimumVisualStudioVersion = 10.0.40219.1
Project("{9A19103F-16F7-4668-BE54-9A1E7A4F7556}") = "WrathForged.Authorization.Server", "WrathForged.Authorization.Server\WrathForged.Authorization.Server.csproj", "{1A305271-2A57-4D01-8126-9082A41387B4}"
EndProject
Project("{9A19103F-16F7-4668-BE54-9A1E7A4F7556}") = "WrathForged.Realm.Server", "WrathForged.Realm.Server\WrathForged.Realm.Server.csproj", "{23AB6240-F85F-400C-BCC4-C3A430BDD7BA}"
EndProject
Project("{9A19103F-16F7-4668-BE54-9A1E7A4F7556}") = "WrathForged.Instance.Server", "WrathForged.Instance.Server\WrathForged.Instance.Server.csproj", "{AB06E2A1-F69A-4301-90A0-99683B20F387}"
EndProject
Project("{9A19103F-16F7-4668-BE54-9A1E7A4F7556}") = "WrathForged.Database", "WrathForged.Database\WrathForged.Database.csproj", "{DE4A0317-1AA2-4929-93CE-51DC83C62D31}"
EndProject
Project("{9A19103F-16F7-4668-BE54-9A1E7A4F7556}") = "WrathForged.Models", "WrathForged.Models\WrathForged.Models.csproj", "{7B68797B-E11A-4B7C-AD56-4F030261F63F}"
EndProject
Project("{9A19103F-16F7-4668-BE54-9A1E7A4F7556}") = "WrathForged.Common", "WrathForged.Common\WrathForged.Common.csproj", "{72E7BB12-F32F-4692-98E6-F3E9FF21FD01}"
EndProject
Project("{2150E333-8FDC-42A3-9474-1A3956D46DE8}") = "Servers", "Servers", "{264ED1D0-2D40-4CBF-8400-EB9522C5C2E9}"
EndProject
Project("{2150E333-8FDC-42A3-9474-1A3956D46DE8}") = "Solution Items", "Solution Items", "{331A121A-9AD8-4E43-B696-B94A0C9C958F}"
	ProjectSection(SolutionItems) = preProject
		.editorconfig = .editorconfig
		.gitignore = .gitignore
		Architecture.png = Architecture.png
		Forged_Logo.png = Forged_Logo.png
		LICENSE = LICENSE
		README.md = README.md
		WrathForgedCore.sln.licenseheader = WrathForgedCore.sln.licenseheader
	EndProjectSection
EndProject
Project("{9A19103F-16F7-4668-BE54-9A1E7A4F7556}") = "WrathForged.Serialization.Models", "WrathForged.Serialization.Models\WrathForged.Serialization.Models.csproj", "{1DF260C9-C0A0-4D11-AAAC-D6C207705FD7}"
EndProject
Project("{2150E333-8FDC-42A3-9474-1A3956D46DE8}") = "Help", "Help", "{451B09A0-17BD-428D-B4FF-841FB67DD79F}"
	ProjectSection(SolutionItems) = preProject
		Help\CommandLine.md = Help\CommandLine.md
		Help\Scripts.md = Help\Scripts.md
	EndProjectSection
EndProject
Project("{2150E333-8FDC-42A3-9474-1A3956D46DE8}") = "DI", "DI", "{423250A7-75B8-49F7-99FE-5E81152337F0}"
EndProject
Project("{9A19103F-16F7-4668-BE54-9A1E7A4F7556}") = "SSDI", "SSDI\SSDI.csproj", "{2DBB05E0-642F-4713-BE00-69867FFAA88D}"
EndProject
Project("{2150E333-8FDC-42A3-9474-1A3956D46DE8}") = "DotRaycast", "DotRaycast", "{9BF8E4EC-374A-4BA5-B001-3A3AE5ADEAAB}"
EndProject
Project("{9A19103F-16F7-4668-BE54-9A1E7A4F7556}") = "DotRecast.Core", "DotRaycast\DotRecast.Core\DotRecast.Core.csproj", "{4588C4B0-59D3-4C2C-B26C-6DAA1DF6978F}"
EndProject
Project("{9A19103F-16F7-4668-BE54-9A1E7A4F7556}") = "DotRecast.Recast", "DotRaycast\DotRecast.Recast\DotRecast.Recast.csproj", "{BFD36ECC-F4D4-4471-8CCF-5FE44BCD72F8}"
EndProject
Project("{9A19103F-16F7-4668-BE54-9A1E7A4F7556}") = "DotRecast.Detour", "DotRaycast\DotRecast.Detour\DotRecast.Detour.csproj", "{C033915E-5661-4322-AA2E-C8D34BED6586}"
EndProject
Project("{9A19103F-16F7-4668-BE54-9A1E7A4F7556}") = "DotRecast.Detour.Crowd", "DotRaycast\DotRecast.Detour.Crowd\DotRecast.Detour.Crowd.csproj", "{A2BE4ED5-1451-4CFA-9146-4B947F8AF587}"
EndProject
Project("{9A19103F-16F7-4668-BE54-9A1E7A4F7556}") = "DotRecast.Detour.Dynamic", "DotRaycast\DotRecast.Detour.Dynamic\DotRecast.Detour.Dynamic.csproj", "{DC61FF00-802C-44D5-AFF8-FC824E93BEB6}"
EndProject
Project("{9A19103F-16F7-4668-BE54-9A1E7A4F7556}") = "DotRecast.Detour.Extras", "DotRaycast\DotRecast.Detour.Extras\DotRecast.Detour.Extras.csproj", "{F0946104-F5FF-40AA-8F3D-B205ED6B1C79}"
EndProject
Project("{9A19103F-16F7-4668-BE54-9A1E7A4F7556}") = "DotRecast.Detour.TileCache", "DotRaycast\DotRecast.Detour.TileCache\DotRecast.Detour.TileCache.csproj", "{FAC83EB5-B6D2-479C-97A1-6B2D68A93D5D}"
EndProject
Project("{9A19103F-16F7-4668-BE54-9A1E7A4F7556}") = "DotRecast.Recast.Toolset", "DotRaycast\DotRecast.Recast.Toolset\DotRecast.Recast.Toolset.csproj", "{157BD68F-276E-47DE-A7DF-DCE8218F121C}"
EndProject
Global
	GlobalSection(SolutionConfigurationPlatforms) = preSolution
		Debug|Any CPU = Debug|Any CPU
		Debug|ARM32 = Debug|ARM32
		Debug|ARM64 = Debug|ARM64
		Debug|x64 = Debug|x64
		Debug|x86 = Debug|x86
		Release|Any CPU = Release|Any CPU
		Release|ARM32 = Release|ARM32
		Release|ARM64 = Release|ARM64
		Release|x64 = Release|x64
		Release|x86 = Release|x86
	EndGlobalSection
	GlobalSection(ProjectConfigurationPlatforms) = postSolution
		{1A305271-2A57-4D01-8126-9082A41387B4}.Debug|Any CPU.ActiveCfg = Debug|Any CPU
		{1A305271-2A57-4D01-8126-9082A41387B4}.Debug|Any CPU.Build.0 = Debug|Any CPU
		{1A305271-2A57-4D01-8126-9082A41387B4}.Debug|ARM32.ActiveCfg = Debug|ARM32
		{1A305271-2A57-4D01-8126-9082A41387B4}.Debug|ARM32.Build.0 = Debug|ARM32
		{1A305271-2A57-4D01-8126-9082A41387B4}.Debug|ARM64.ActiveCfg = Debug|ARM64
		{1A305271-2A57-4D01-8126-9082A41387B4}.Debug|ARM64.Build.0 = Debug|ARM64
		{1A305271-2A57-4D01-8126-9082A41387B4}.Debug|x64.ActiveCfg = Debug|x64
		{1A305271-2A57-4D01-8126-9082A41387B4}.Debug|x64.Build.0 = Debug|x64
		{1A305271-2A57-4D01-8126-9082A41387B4}.Debug|x86.ActiveCfg = Debug|x86
		{1A305271-2A57-4D01-8126-9082A41387B4}.Debug|x86.Build.0 = Debug|x86
		{1A305271-2A57-4D01-8126-9082A41387B4}.Release|Any CPU.ActiveCfg = Release|Any CPU
		{1A305271-2A57-4D01-8126-9082A41387B4}.Release|Any CPU.Build.0 = Release|Any CPU
		{1A305271-2A57-4D01-8126-9082A41387B4}.Release|ARM32.ActiveCfg = Release|ARM32
		{1A305271-2A57-4D01-8126-9082A41387B4}.Release|ARM32.Build.0 = Release|ARM32
		{1A305271-2A57-4D01-8126-9082A41387B4}.Release|ARM64.ActiveCfg = Release|ARM64
		{1A305271-2A57-4D01-8126-9082A41387B4}.Release|ARM64.Build.0 = Release|ARM64
		{1A305271-2A57-4D01-8126-9082A41387B4}.Release|x64.ActiveCfg = Release|x64
		{1A305271-2A57-4D01-8126-9082A41387B4}.Release|x64.Build.0 = Release|x64
		{1A305271-2A57-4D01-8126-9082A41387B4}.Release|x86.ActiveCfg = Release|x86
		{1A305271-2A57-4D01-8126-9082A41387B4}.Release|x86.Build.0 = Release|x86
		{23AB6240-F85F-400C-BCC4-C3A430BDD7BA}.Debug|Any CPU.ActiveCfg = Debug|Any CPU
		{23AB6240-F85F-400C-BCC4-C3A430BDD7BA}.Debug|Any CPU.Build.0 = Debug|Any CPU
		{23AB6240-F85F-400C-BCC4-C3A430BDD7BA}.Debug|ARM32.ActiveCfg = Debug|ARM32
		{23AB6240-F85F-400C-BCC4-C3A430BDD7BA}.Debug|ARM32.Build.0 = Debug|ARM32
		{23AB6240-F85F-400C-BCC4-C3A430BDD7BA}.Debug|ARM64.ActiveCfg = Debug|ARM64
		{23AB6240-F85F-400C-BCC4-C3A430BDD7BA}.Debug|ARM64.Build.0 = Debug|ARM64
		{23AB6240-F85F-400C-BCC4-C3A430BDD7BA}.Debug|x64.ActiveCfg = Debug|x64
		{23AB6240-F85F-400C-BCC4-C3A430BDD7BA}.Debug|x64.Build.0 = Debug|x64
		{23AB6240-F85F-400C-BCC4-C3A430BDD7BA}.Debug|x86.ActiveCfg = Debug|x86
		{23AB6240-F85F-400C-BCC4-C3A430BDD7BA}.Debug|x86.Build.0 = Debug|x86
		{23AB6240-F85F-400C-BCC4-C3A430BDD7BA}.Release|Any CPU.ActiveCfg = Release|Any CPU
		{23AB6240-F85F-400C-BCC4-C3A430BDD7BA}.Release|Any CPU.Build.0 = Release|Any CPU
		{23AB6240-F85F-400C-BCC4-C3A430BDD7BA}.Release|ARM32.ActiveCfg = Release|ARM32
		{23AB6240-F85F-400C-BCC4-C3A430BDD7BA}.Release|ARM32.Build.0 = Release|ARM32
		{23AB6240-F85F-400C-BCC4-C3A430BDD7BA}.Release|ARM64.ActiveCfg = Release|ARM64
		{23AB6240-F85F-400C-BCC4-C3A430BDD7BA}.Release|ARM64.Build.0 = Release|ARM64
		{23AB6240-F85F-400C-BCC4-C3A430BDD7BA}.Release|x64.ActiveCfg = Release|x64
		{23AB6240-F85F-400C-BCC4-C3A430BDD7BA}.Release|x64.Build.0 = Release|x64
		{23AB6240-F85F-400C-BCC4-C3A430BDD7BA}.Release|x86.ActiveCfg = Release|x86
		{23AB6240-F85F-400C-BCC4-C3A430BDD7BA}.Release|x86.Build.0 = Release|x86
		{AB06E2A1-F69A-4301-90A0-99683B20F387}.Debug|Any CPU.ActiveCfg = Debug|Any CPU
		{AB06E2A1-F69A-4301-90A0-99683B20F387}.Debug|Any CPU.Build.0 = Debug|Any CPU
		{AB06E2A1-F69A-4301-90A0-99683B20F387}.Debug|ARM32.ActiveCfg = Debug|ARM32
		{AB06E2A1-F69A-4301-90A0-99683B20F387}.Debug|ARM32.Build.0 = Debug|ARM32
		{AB06E2A1-F69A-4301-90A0-99683B20F387}.Debug|ARM64.ActiveCfg = Debug|ARM64
		{AB06E2A1-F69A-4301-90A0-99683B20F387}.Debug|ARM64.Build.0 = Debug|ARM64
		{AB06E2A1-F69A-4301-90A0-99683B20F387}.Debug|x64.ActiveCfg = Debug|x64
		{AB06E2A1-F69A-4301-90A0-99683B20F387}.Debug|x64.Build.0 = Debug|x64
		{AB06E2A1-F69A-4301-90A0-99683B20F387}.Debug|x86.ActiveCfg = Debug|x86
		{AB06E2A1-F69A-4301-90A0-99683B20F387}.Debug|x86.Build.0 = Debug|x86
		{AB06E2A1-F69A-4301-90A0-99683B20F387}.Release|Any CPU.ActiveCfg = Release|Any CPU
		{AB06E2A1-F69A-4301-90A0-99683B20F387}.Release|Any CPU.Build.0 = Release|Any CPU
		{AB06E2A1-F69A-4301-90A0-99683B20F387}.Release|ARM32.ActiveCfg = Release|ARM32
		{AB06E2A1-F69A-4301-90A0-99683B20F387}.Release|ARM32.Build.0 = Release|ARM32
		{AB06E2A1-F69A-4301-90A0-99683B20F387}.Release|ARM64.ActiveCfg = Release|ARM64
		{AB06E2A1-F69A-4301-90A0-99683B20F387}.Release|ARM64.Build.0 = Release|ARM64
		{AB06E2A1-F69A-4301-90A0-99683B20F387}.Release|x64.ActiveCfg = Release|x64
		{AB06E2A1-F69A-4301-90A0-99683B20F387}.Release|x64.Build.0 = Release|x64
		{AB06E2A1-F69A-4301-90A0-99683B20F387}.Release|x86.ActiveCfg = Release|x86
		{AB06E2A1-F69A-4301-90A0-99683B20F387}.Release|x86.Build.0 = Release|x86
		{DE4A0317-1AA2-4929-93CE-51DC83C62D31}.Debug|Any CPU.ActiveCfg = Debug|Any CPU
		{DE4A0317-1AA2-4929-93CE-51DC83C62D31}.Debug|Any CPU.Build.0 = Debug|Any CPU
		{DE4A0317-1AA2-4929-93CE-51DC83C62D31}.Debug|ARM32.ActiveCfg = Debug|ARM32
		{DE4A0317-1AA2-4929-93CE-51DC83C62D31}.Debug|ARM32.Build.0 = Debug|ARM32
		{DE4A0317-1AA2-4929-93CE-51DC83C62D31}.Debug|ARM64.ActiveCfg = DebugARM64
		{DE4A0317-1AA2-4929-93CE-51DC83C62D31}.Debug|ARM64.Build.0 = DebugARM64
		{DE4A0317-1AA2-4929-93CE-51DC83C62D31}.Debug|x64.ActiveCfg = Debug|x64
		{DE4A0317-1AA2-4929-93CE-51DC83C62D31}.Debug|x64.Build.0 = Debug|x64
		{DE4A0317-1AA2-4929-93CE-51DC83C62D31}.Debug|x86.ActiveCfg = Debug|x86
		{DE4A0317-1AA2-4929-93CE-51DC83C62D31}.Debug|x86.Build.0 = Debug|x86
		{DE4A0317-1AA2-4929-93CE-51DC83C62D31}.Release|Any CPU.ActiveCfg = Release|Any CPU
		{DE4A0317-1AA2-4929-93CE-51DC83C62D31}.Release|Any CPU.Build.0 = Release|Any CPU
		{DE4A0317-1AA2-4929-93CE-51DC83C62D31}.Release|ARM32.ActiveCfg = Release|ARM32
		{DE4A0317-1AA2-4929-93CE-51DC83C62D31}.Release|ARM32.Build.0 = Release|ARM32
		{DE4A0317-1AA2-4929-93CE-51DC83C62D31}.Release|ARM64.ActiveCfg = Release|ARM64
		{DE4A0317-1AA2-4929-93CE-51DC83C62D31}.Release|ARM64.Build.0 = Release|ARM64
		{DE4A0317-1AA2-4929-93CE-51DC83C62D31}.Release|x64.ActiveCfg = Release|x64
		{DE4A0317-1AA2-4929-93CE-51DC83C62D31}.Release|x64.Build.0 = Release|x64
		{DE4A0317-1AA2-4929-93CE-51DC83C62D31}.Release|x86.ActiveCfg = Release|x86
		{DE4A0317-1AA2-4929-93CE-51DC83C62D31}.Release|x86.Build.0 = Release|x86
		{7B68797B-E11A-4B7C-AD56-4F030261F63F}.Debug|Any CPU.ActiveCfg = Debug|Any CPU
		{7B68797B-E11A-4B7C-AD56-4F030261F63F}.Debug|Any CPU.Build.0 = Debug|Any CPU
		{7B68797B-E11A-4B7C-AD56-4F030261F63F}.Debug|ARM32.ActiveCfg = Debug|ARM32
		{7B68797B-E11A-4B7C-AD56-4F030261F63F}.Debug|ARM32.Build.0 = Debug|ARM32
		{7B68797B-E11A-4B7C-AD56-4F030261F63F}.Debug|ARM64.ActiveCfg = Debug|ARM64
		{7B68797B-E11A-4B7C-AD56-4F030261F63F}.Debug|ARM64.Build.0 = Debug|ARM64
		{7B68797B-E11A-4B7C-AD56-4F030261F63F}.Debug|x64.ActiveCfg = Debug|x64
		{7B68797B-E11A-4B7C-AD56-4F030261F63F}.Debug|x64.Build.0 = Debug|x64
		{7B68797B-E11A-4B7C-AD56-4F030261F63F}.Debug|x86.ActiveCfg = Debug|x86
		{7B68797B-E11A-4B7C-AD56-4F030261F63F}.Debug|x86.Build.0 = Debug|x86
		{7B68797B-E11A-4B7C-AD56-4F030261F63F}.Release|Any CPU.ActiveCfg = Release|Any CPU
		{7B68797B-E11A-4B7C-AD56-4F030261F63F}.Release|Any CPU.Build.0 = Release|Any CPU
		{7B68797B-E11A-4B7C-AD56-4F030261F63F}.Release|ARM32.ActiveCfg = Release|ARM32
		{7B68797B-E11A-4B7C-AD56-4F030261F63F}.Release|ARM32.Build.0 = Release|ARM32
		{7B68797B-E11A-4B7C-AD56-4F030261F63F}.Release|ARM64.ActiveCfg = Release|ARM64
		{7B68797B-E11A-4B7C-AD56-4F030261F63F}.Release|ARM64.Build.0 = Release|ARM64
		{7B68797B-E11A-4B7C-AD56-4F030261F63F}.Release|x64.ActiveCfg = Release|x64
		{7B68797B-E11A-4B7C-AD56-4F030261F63F}.Release|x64.Build.0 = Release|x64
		{7B68797B-E11A-4B7C-AD56-4F030261F63F}.Release|x86.ActiveCfg = Release|x86
		{7B68797B-E11A-4B7C-AD56-4F030261F63F}.Release|x86.Build.0 = Release|x86
		{72E7BB12-F32F-4692-98E6-F3E9FF21FD01}.Debug|Any CPU.ActiveCfg = Debug|Any CPU
		{72E7BB12-F32F-4692-98E6-F3E9FF21FD01}.Debug|Any CPU.Build.0 = Debug|Any CPU
		{72E7BB12-F32F-4692-98E6-F3E9FF21FD01}.Debug|ARM32.ActiveCfg = Debug|ARM32
		{72E7BB12-F32F-4692-98E6-F3E9FF21FD01}.Debug|ARM32.Build.0 = Debug|ARM32
		{72E7BB12-F32F-4692-98E6-F3E9FF21FD01}.Debug|ARM64.ActiveCfg = Debug|ARM64
		{72E7BB12-F32F-4692-98E6-F3E9FF21FD01}.Debug|ARM64.Build.0 = Debug|ARM64
		{72E7BB12-F32F-4692-98E6-F3E9FF21FD01}.Debug|x64.ActiveCfg = Debug|x64
		{72E7BB12-F32F-4692-98E6-F3E9FF21FD01}.Debug|x64.Build.0 = Debug|x64
		{72E7BB12-F32F-4692-98E6-F3E9FF21FD01}.Debug|x86.ActiveCfg = Debug|x86
		{72E7BB12-F32F-4692-98E6-F3E9FF21FD01}.Debug|x86.Build.0 = Debug|x86
		{72E7BB12-F32F-4692-98E6-F3E9FF21FD01}.Release|Any CPU.ActiveCfg = Release|Any CPU
		{72E7BB12-F32F-4692-98E6-F3E9FF21FD01}.Release|Any CPU.Build.0 = Release|Any CPU
		{72E7BB12-F32F-4692-98E6-F3E9FF21FD01}.Release|ARM32.ActiveCfg = Release|ARM32
		{72E7BB12-F32F-4692-98E6-F3E9FF21FD01}.Release|ARM32.Build.0 = Release|ARM32
		{72E7BB12-F32F-4692-98E6-F3E9FF21FD01}.Release|ARM64.ActiveCfg = Release|ARM32
		{72E7BB12-F32F-4692-98E6-F3E9FF21FD01}.Release|ARM64.Build.0 = Release|ARM32
		{72E7BB12-F32F-4692-98E6-F3E9FF21FD01}.Release|x64.ActiveCfg = Release|x64
		{72E7BB12-F32F-4692-98E6-F3E9FF21FD01}.Release|x64.Build.0 = Release|x64
		{72E7BB12-F32F-4692-98E6-F3E9FF21FD01}.Release|x86.ActiveCfg = Release|x86
		{72E7BB12-F32F-4692-98E6-F3E9FF21FD01}.Release|x86.Build.0 = Release|x86
		{1DF260C9-C0A0-4D11-AAAC-D6C207705FD7}.Debug|Any CPU.ActiveCfg = Debug|Any CPU
		{1DF260C9-C0A0-4D11-AAAC-D6C207705FD7}.Debug|Any CPU.Build.0 = Debug|Any CPU
		{1DF260C9-C0A0-4D11-AAAC-D6C207705FD7}.Debug|ARM32.ActiveCfg = Debug|ARM32
		{1DF260C9-C0A0-4D11-AAAC-D6C207705FD7}.Debug|ARM32.Build.0 = Debug|ARM32
		{1DF260C9-C0A0-4D11-AAAC-D6C207705FD7}.Debug|ARM64.ActiveCfg = Debug|ARM64
		{1DF260C9-C0A0-4D11-AAAC-D6C207705FD7}.Debug|ARM64.Build.0 = Debug|ARM64
		{1DF260C9-C0A0-4D11-AAAC-D6C207705FD7}.Debug|x64.ActiveCfg = Debug|x64
		{1DF260C9-C0A0-4D11-AAAC-D6C207705FD7}.Debug|x64.Build.0 = Debug|x64
		{1DF260C9-C0A0-4D11-AAAC-D6C207705FD7}.Debug|x86.ActiveCfg = Debug|x86
		{1DF260C9-C0A0-4D11-AAAC-D6C207705FD7}.Debug|x86.Build.0 = Debug|x86
		{1DF260C9-C0A0-4D11-AAAC-D6C207705FD7}.Release|Any CPU.ActiveCfg = Release|Any CPU
		{1DF260C9-C0A0-4D11-AAAC-D6C207705FD7}.Release|Any CPU.Build.0 = Release|Any CPU
		{1DF260C9-C0A0-4D11-AAAC-D6C207705FD7}.Release|ARM32.ActiveCfg = Release|ARM32
		{1DF260C9-C0A0-4D11-AAAC-D6C207705FD7}.Release|ARM32.Build.0 = Release|ARM32
		{1DF260C9-C0A0-4D11-AAAC-D6C207705FD7}.Release|ARM64.ActiveCfg = Release|ARM64
		{1DF260C9-C0A0-4D11-AAAC-D6C207705FD7}.Release|ARM64.Build.0 = Release|ARM64
		{1DF260C9-C0A0-4D11-AAAC-D6C207705FD7}.Release|x64.ActiveCfg = Release|x64
		{1DF260C9-C0A0-4D11-AAAC-D6C207705FD7}.Release|x64.Build.0 = Release|x64
		{1DF260C9-C0A0-4D11-AAAC-D6C207705FD7}.Release|x86.ActiveCfg = Release|x86
		{1DF260C9-C0A0-4D11-AAAC-D6C207705FD7}.Release|x86.Build.0 = Release|x86
		{2DBB05E0-642F-4713-BE00-69867FFAA88D}.Debug|Any CPU.ActiveCfg = Debug|Any CPU
		{2DBB05E0-642F-4713-BE00-69867FFAA88D}.Debug|Any CPU.Build.0 = Debug|Any CPU
		{2DBB05E0-642F-4713-BE00-69867FFAA88D}.Debug|ARM32.ActiveCfg = Debug|Any CPU
		{2DBB05E0-642F-4713-BE00-69867FFAA88D}.Debug|ARM32.Build.0 = Debug|Any CPU
		{2DBB05E0-642F-4713-BE00-69867FFAA88D}.Debug|ARM64.ActiveCfg = Debug|Any CPU
		{2DBB05E0-642F-4713-BE00-69867FFAA88D}.Debug|ARM64.Build.0 = Debug|Any CPU
		{2DBB05E0-642F-4713-BE00-69867FFAA88D}.Debug|x64.ActiveCfg = Debug|Any CPU
		{2DBB05E0-642F-4713-BE00-69867FFAA88D}.Debug|x64.Build.0 = Debug|Any CPU
		{2DBB05E0-642F-4713-BE00-69867FFAA88D}.Debug|x86.ActiveCfg = Debug|Any CPU
		{2DBB05E0-642F-4713-BE00-69867FFAA88D}.Debug|x86.Build.0 = Debug|Any CPU
		{2DBB05E0-642F-4713-BE00-69867FFAA88D}.Release|Any CPU.ActiveCfg = Release|Any CPU
		{2DBB05E0-642F-4713-BE00-69867FFAA88D}.Release|Any CPU.Build.0 = Release|Any CPU
		{2DBB05E0-642F-4713-BE00-69867FFAA88D}.Release|ARM32.ActiveCfg = Release|Any CPU
		{2DBB05E0-642F-4713-BE00-69867FFAA88D}.Release|ARM32.Build.0 = Release|Any CPU
		{2DBB05E0-642F-4713-BE00-69867FFAA88D}.Release|ARM64.ActiveCfg = Release|Any CPU
		{2DBB05E0-642F-4713-BE00-69867FFAA88D}.Release|ARM64.Build.0 = Release|Any CPU
		{2DBB05E0-642F-4713-BE00-69867FFAA88D}.Release|x64.ActiveCfg = Release|Any CPU
		{2DBB05E0-642F-4713-BE00-69867FFAA88D}.Release|x64.Build.0 = Release|Any CPU
		{2DBB05E0-642F-4713-BE00-69867FFAA88D}.Release|x86.ActiveCfg = Release|Any CPU
		{2DBB05E0-642F-4713-BE00-69867FFAA88D}.Release|x86.Build.0 = Release|Any CPU
		{4588C4B0-59D3-4C2C-B26C-6DAA1DF6978F}.Debug|Any CPU.ActiveCfg = Debug|Any CPU
		{4588C4B0-59D3-4C2C-B26C-6DAA1DF6978F}.Debug|Any CPU.Build.0 = Debug|Any CPU
		{4588C4B0-59D3-4C2C-B26C-6DAA1DF6978F}.Debug|ARM32.ActiveCfg = Debug|Any CPU
		{4588C4B0-59D3-4C2C-B26C-6DAA1DF6978F}.Debug|ARM32.Build.0 = Debug|Any CPU
		{4588C4B0-59D3-4C2C-B26C-6DAA1DF6978F}.Debug|ARM64.ActiveCfg = Debug|Any CPU
		{4588C4B0-59D3-4C2C-B26C-6DAA1DF6978F}.Debug|ARM64.Build.0 = Debug|Any CPU
		{4588C4B0-59D3-4C2C-B26C-6DAA1DF6978F}.Debug|x64.ActiveCfg = Debug|Any CPU
		{4588C4B0-59D3-4C2C-B26C-6DAA1DF6978F}.Debug|x64.Build.0 = Debug|Any CPU
		{4588C4B0-59D3-4C2C-B26C-6DAA1DF6978F}.Debug|x86.ActiveCfg = Debug|Any CPU
		{4588C4B0-59D3-4C2C-B26C-6DAA1DF6978F}.Debug|x86.Build.0 = Debug|Any CPU
		{4588C4B0-59D3-4C2C-B26C-6DAA1DF6978F}.Release|Any CPU.ActiveCfg = Release|Any CPU
		{4588C4B0-59D3-4C2C-B26C-6DAA1DF6978F}.Release|Any CPU.Build.0 = Release|Any CPU
		{4588C4B0-59D3-4C2C-B26C-6DAA1DF6978F}.Release|ARM32.ActiveCfg = Release|Any CPU
		{4588C4B0-59D3-4C2C-B26C-6DAA1DF6978F}.Release|ARM32.Build.0 = Release|Any CPU
		{4588C4B0-59D3-4C2C-B26C-6DAA1DF6978F}.Release|ARM64.ActiveCfg = Release|Any CPU
		{4588C4B0-59D3-4C2C-B26C-6DAA1DF6978F}.Release|ARM64.Build.0 = Release|Any CPU
		{4588C4B0-59D3-4C2C-B26C-6DAA1DF6978F}.Release|x64.ActiveCfg = Release|Any CPU
		{4588C4B0-59D3-4C2C-B26C-6DAA1DF6978F}.Release|x64.Build.0 = Release|Any CPU
		{4588C4B0-59D3-4C2C-B26C-6DAA1DF6978F}.Release|x86.ActiveCfg = Release|Any CPU
		{4588C4B0-59D3-4C2C-B26C-6DAA1DF6978F}.Release|x86.Build.0 = Release|Any CPU
		{BFD36ECC-F4D4-4471-8CCF-5FE44BCD72F8}.Debug|Any CPU.ActiveCfg = Debug|Any CPU
		{BFD36ECC-F4D4-4471-8CCF-5FE44BCD72F8}.Debug|Any CPU.Build.0 = Debug|Any CPU
		{BFD36ECC-F4D4-4471-8CCF-5FE44BCD72F8}.Debug|ARM32.ActiveCfg = Debug|Any CPU
		{BFD36ECC-F4D4-4471-8CCF-5FE44BCD72F8}.Debug|ARM32.Build.0 = Debug|Any CPU
		{BFD36ECC-F4D4-4471-8CCF-5FE44BCD72F8}.Debug|ARM64.ActiveCfg = Debug|Any CPU
		{BFD36ECC-F4D4-4471-8CCF-5FE44BCD72F8}.Debug|ARM64.Build.0 = Debug|Any CPU
		{BFD36ECC-F4D4-4471-8CCF-5FE44BCD72F8}.Debug|x64.ActiveCfg = Debug|Any CPU
		{BFD36ECC-F4D4-4471-8CCF-5FE44BCD72F8}.Debug|x64.Build.0 = Debug|Any CPU
		{BFD36ECC-F4D4-4471-8CCF-5FE44BCD72F8}.Debug|x86.ActiveCfg = Debug|Any CPU
		{BFD36ECC-F4D4-4471-8CCF-5FE44BCD72F8}.Debug|x86.Build.0 = Debug|Any CPU
		{BFD36ECC-F4D4-4471-8CCF-5FE44BCD72F8}.Release|Any CPU.ActiveCfg = Release|Any CPU
		{BFD36ECC-F4D4-4471-8CCF-5FE44BCD72F8}.Release|Any CPU.Build.0 = Release|Any CPU
		{BFD36ECC-F4D4-4471-8CCF-5FE44BCD72F8}.Release|ARM32.ActiveCfg = Release|Any CPU
		{BFD36ECC-F4D4-4471-8CCF-5FE44BCD72F8}.Release|ARM32.Build.0 = Release|Any CPU
		{BFD36ECC-F4D4-4471-8CCF-5FE44BCD72F8}.Release|ARM64.ActiveCfg = Release|Any CPU
		{BFD36ECC-F4D4-4471-8CCF-5FE44BCD72F8}.Release|ARM64.Build.0 = Release|Any CPU
		{BFD36ECC-F4D4-4471-8CCF-5FE44BCD72F8}.Release|x64.ActiveCfg = Release|Any CPU
		{BFD36ECC-F4D4-4471-8CCF-5FE44BCD72F8}.Release|x64.Build.0 = Release|Any CPU
		{BFD36ECC-F4D4-4471-8CCF-5FE44BCD72F8}.Release|x86.ActiveCfg = Release|Any CPU
		{BFD36ECC-F4D4-4471-8CCF-5FE44BCD72F8}.Release|x86.Build.0 = Release|Any CPU
		{C033915E-5661-4322-AA2E-C8D34BED6586}.Debug|Any CPU.ActiveCfg = Debug|Any CPU
		{C033915E-5661-4322-AA2E-C8D34BED6586}.Debug|Any CPU.Build.0 = Debug|Any CPU
		{C033915E-5661-4322-AA2E-C8D34BED6586}.Debug|ARM32.ActiveCfg = Debug|Any CPU
		{C033915E-5661-4322-AA2E-C8D34BED6586}.Debug|ARM32.Build.0 = Debug|Any CPU
		{C033915E-5661-4322-AA2E-C8D34BED6586}.Debug|ARM64.ActiveCfg = Debug|Any CPU
		{C033915E-5661-4322-AA2E-C8D34BED6586}.Debug|ARM64.Build.0 = Debug|Any CPU
		{C033915E-5661-4322-AA2E-C8D34BED6586}.Debug|x64.ActiveCfg = Debug|Any CPU
		{C033915E-5661-4322-AA2E-C8D34BED6586}.Debug|x64.Build.0 = Debug|Any CPU
		{C033915E-5661-4322-AA2E-C8D34BED6586}.Debug|x86.ActiveCfg = Debug|Any CPU
		{C033915E-5661-4322-AA2E-C8D34BED6586}.Debug|x86.Build.0 = Debug|Any CPU
		{C033915E-5661-4322-AA2E-C8D34BED6586}.Release|Any CPU.ActiveCfg = Release|Any CPU
		{C033915E-5661-4322-AA2E-C8D34BED6586}.Release|Any CPU.Build.0 = Release|Any CPU
		{C033915E-5661-4322-AA2E-C8D34BED6586}.Release|ARM32.ActiveCfg = Release|Any CPU
		{C033915E-5661-4322-AA2E-C8D34BED6586}.Release|ARM32.Build.0 = Release|Any CPU
		{C033915E-5661-4322-AA2E-C8D34BED6586}.Release|ARM64.ActiveCfg = Release|Any CPU
		{C033915E-5661-4322-AA2E-C8D34BED6586}.Release|ARM64.Build.0 = Release|Any CPU
		{C033915E-5661-4322-AA2E-C8D34BED6586}.Release|x64.ActiveCfg = Release|Any CPU
		{C033915E-5661-4322-AA2E-C8D34BED6586}.Release|x64.Build.0 = Release|Any CPU
		{C033915E-5661-4322-AA2E-C8D34BED6586}.Release|x86.ActiveCfg = Release|Any CPU
		{C033915E-5661-4322-AA2E-C8D34BED6586}.Release|x86.Build.0 = Release|Any CPU
		{A2BE4ED5-1451-4CFA-9146-4B947F8AF587}.Debug|Any CPU.ActiveCfg = Debug|Any CPU
		{A2BE4ED5-1451-4CFA-9146-4B947F8AF587}.Debug|Any CPU.Build.0 = Debug|Any CPU
		{A2BE4ED5-1451-4CFA-9146-4B947F8AF587}.Debug|ARM32.ActiveCfg = Debug|Any CPU
		{A2BE4ED5-1451-4CFA-9146-4B947F8AF587}.Debug|ARM32.Build.0 = Debug|Any CPU
		{A2BE4ED5-1451-4CFA-9146-4B947F8AF587}.Debug|ARM64.ActiveCfg = Debug|Any CPU
		{A2BE4ED5-1451-4CFA-9146-4B947F8AF587}.Debug|ARM64.Build.0 = Debug|Any CPU
		{A2BE4ED5-1451-4CFA-9146-4B947F8AF587}.Debug|x64.ActiveCfg = Debug|Any CPU
		{A2BE4ED5-1451-4CFA-9146-4B947F8AF587}.Debug|x64.Build.0 = Debug|Any CPU
		{A2BE4ED5-1451-4CFA-9146-4B947F8AF587}.Debug|x86.ActiveCfg = Debug|Any CPU
		{A2BE4ED5-1451-4CFA-9146-4B947F8AF587}.Debug|x86.Build.0 = Debug|Any CPU
		{A2BE4ED5-1451-4CFA-9146-4B947F8AF587}.Release|Any CPU.ActiveCfg = Release|Any CPU
		{A2BE4ED5-1451-4CFA-9146-4B947F8AF587}.Release|Any CPU.Build.0 = Release|Any CPU
		{A2BE4ED5-1451-4CFA-9146-4B947F8AF587}.Release|ARM32.ActiveCfg = Release|Any CPU
		{A2BE4ED5-1451-4CFA-9146-4B947F8AF587}.Release|ARM32.Build.0 = Release|Any CPU
		{A2BE4ED5-1451-4CFA-9146-4B947F8AF587}.Release|ARM64.ActiveCfg = Release|Any CPU
		{A2BE4ED5-1451-4CFA-9146-4B947F8AF587}.Release|ARM64.Build.0 = Release|Any CPU
		{A2BE4ED5-1451-4CFA-9146-4B947F8AF587}.Release|x64.ActiveCfg = Release|Any CPU
		{A2BE4ED5-1451-4CFA-9146-4B947F8AF587}.Release|x64.Build.0 = Release|Any CPU
		{A2BE4ED5-1451-4CFA-9146-4B947F8AF587}.Release|x86.ActiveCfg = Release|Any CPU
		{A2BE4ED5-1451-4CFA-9146-4B947F8AF587}.Release|x86.Build.0 = Release|Any CPU
		{DC61FF00-802C-44D5-AFF8-FC824E93BEB6}.Debug|Any CPU.ActiveCfg = Debug|Any CPU
		{DC61FF00-802C-44D5-AFF8-FC824E93BEB6}.Debug|Any CPU.Build.0 = Debug|Any CPU
		{DC61FF00-802C-44D5-AFF8-FC824E93BEB6}.Debug|ARM32.ActiveCfg = Debug|Any CPU
		{DC61FF00-802C-44D5-AFF8-FC824E93BEB6}.Debug|ARM32.Build.0 = Debug|Any CPU
		{DC61FF00-802C-44D5-AFF8-FC824E93BEB6}.Debug|ARM64.ActiveCfg = Debug|Any CPU
		{DC61FF00-802C-44D5-AFF8-FC824E93BEB6}.Debug|ARM64.Build.0 = Debug|Any CPU
		{DC61FF00-802C-44D5-AFF8-FC824E93BEB6}.Debug|x64.ActiveCfg = Debug|Any CPU
		{DC61FF00-802C-44D5-AFF8-FC824E93BEB6}.Debug|x64.Build.0 = Debug|Any CPU
		{DC61FF00-802C-44D5-AFF8-FC824E93BEB6}.Debug|x86.ActiveCfg = Debug|Any CPU
		{DC61FF00-802C-44D5-AFF8-FC824E93BEB6}.Debug|x86.Build.0 = Debug|Any CPU
		{DC61FF00-802C-44D5-AFF8-FC824E93BEB6}.Release|Any CPU.ActiveCfg = Release|Any CPU
		{DC61FF00-802C-44D5-AFF8-FC824E93BEB6}.Release|Any CPU.Build.0 = Release|Any CPU
		{DC61FF00-802C-44D5-AFF8-FC824E93BEB6}.Release|ARM32.ActiveCfg = Release|Any CPU
		{DC61FF00-802C-44D5-AFF8-FC824E93BEB6}.Release|ARM32.Build.0 = Release|Any CPU
		{DC61FF00-802C-44D5-AFF8-FC824E93BEB6}.Release|ARM64.ActiveCfg = Release|Any CPU
		{DC61FF00-802C-44D5-AFF8-FC824E93BEB6}.Release|ARM64.Build.0 = Release|Any CPU
		{DC61FF00-802C-44D5-AFF8-FC824E93BEB6}.Release|x64.ActiveCfg = Release|Any CPU
		{DC61FF00-802C-44D5-AFF8-FC824E93BEB6}.Release|x64.Build.0 = Release|Any CPU
		{DC61FF00-802C-44D5-AFF8-FC824E93BEB6}.Release|x86.ActiveCfg = Release|Any CPU
		{DC61FF00-802C-44D5-AFF8-FC824E93BEB6}.Release|x86.Build.0 = Release|Any CPU
		{F0946104-F5FF-40AA-8F3D-B205ED6B1C79}.Debug|Any CPU.ActiveCfg = Debug|Any CPU
		{F0946104-F5FF-40AA-8F3D-B205ED6B1C79}.Debug|Any CPU.Build.0 = Debug|Any CPU
		{F0946104-F5FF-40AA-8F3D-B205ED6B1C79}.Debug|ARM32.ActiveCfg = Debug|Any CPU
		{F0946104-F5FF-40AA-8F3D-B205ED6B1C79}.Debug|ARM32.Build.0 = Debug|Any CPU
		{F0946104-F5FF-40AA-8F3D-B205ED6B1C79}.Debug|ARM64.ActiveCfg = Debug|Any CPU
		{F0946104-F5FF-40AA-8F3D-B205ED6B1C79}.Debug|ARM64.Build.0 = Debug|Any CPU
		{F0946104-F5FF-40AA-8F3D-B205ED6B1C79}.Debug|x64.ActiveCfg = Debug|Any CPU
		{F0946104-F5FF-40AA-8F3D-B205ED6B1C79}.Debug|x64.Build.0 = Debug|Any CPU
		{F0946104-F5FF-40AA-8F3D-B205ED6B1C79}.Debug|x86.ActiveCfg = Debug|Any CPU
		{F0946104-F5FF-40AA-8F3D-B205ED6B1C79}.Debug|x86.Build.0 = Debug|Any CPU
		{F0946104-F5FF-40AA-8F3D-B205ED6B1C79}.Release|Any CPU.ActiveCfg = Release|Any CPU
		{F0946104-F5FF-40AA-8F3D-B205ED6B1C79}.Release|Any CPU.Build.0 = Release|Any CPU
		{F0946104-F5FF-40AA-8F3D-B205ED6B1C79}.Release|ARM32.ActiveCfg = Release|Any CPU
		{F0946104-F5FF-40AA-8F3D-B205ED6B1C79}.Release|ARM32.Build.0 = Release|Any CPU
		{F0946104-F5FF-40AA-8F3D-B205ED6B1C79}.Release|ARM64.ActiveCfg = Release|Any CPU
		{F0946104-F5FF-40AA-8F3D-B205ED6B1C79}.Release|ARM64.Build.0 = Release|Any CPU
		{F0946104-F5FF-40AA-8F3D-B205ED6B1C79}.Release|x64.ActiveCfg = Release|Any CPU
		{F0946104-F5FF-40AA-8F3D-B205ED6B1C79}.Release|x64.Build.0 = Release|Any CPU
		{F0946104-F5FF-40AA-8F3D-B205ED6B1C79}.Release|x86.ActiveCfg = Release|Any CPU
		{F0946104-F5FF-40AA-8F3D-B205ED6B1C79}.Release|x86.Build.0 = Release|Any CPU
		{FAC83EB5-B6D2-479C-97A1-6B2D68A93D5D}.Debug|Any CPU.ActiveCfg = Debug|Any CPU
		{FAC83EB5-B6D2-479C-97A1-6B2D68A93D5D}.Debug|Any CPU.Build.0 = Debug|Any CPU
		{FAC83EB5-B6D2-479C-97A1-6B2D68A93D5D}.Debug|ARM32.ActiveCfg = Debug|Any CPU
		{FAC83EB5-B6D2-479C-97A1-6B2D68A93D5D}.Debug|ARM32.Build.0 = Debug|Any CPU
		{FAC83EB5-B6D2-479C-97A1-6B2D68A93D5D}.Debug|ARM64.ActiveCfg = Debug|Any CPU
		{FAC83EB5-B6D2-479C-97A1-6B2D68A93D5D}.Debug|ARM64.Build.0 = Debug|Any CPU
		{FAC83EB5-B6D2-479C-97A1-6B2D68A93D5D}.Debug|x64.ActiveCfg = Debug|Any CPU
		{FAC83EB5-B6D2-479C-97A1-6B2D68A93D5D}.Debug|x64.Build.0 = Debug|Any CPU
		{FAC83EB5-B6D2-479C-97A1-6B2D68A93D5D}.Debug|x86.ActiveCfg = Debug|Any CPU
		{FAC83EB5-B6D2-479C-97A1-6B2D68A93D5D}.Debug|x86.Build.0 = Debug|Any CPU
		{FAC83EB5-B6D2-479C-97A1-6B2D68A93D5D}.Release|Any CPU.ActiveCfg = Release|Any CPU
		{FAC83EB5-B6D2-479C-97A1-6B2D68A93D5D}.Release|Any CPU.Build.0 = Release|Any CPU
		{FAC83EB5-B6D2-479C-97A1-6B2D68A93D5D}.Release|ARM32.ActiveCfg = Release|Any CPU
		{FAC83EB5-B6D2-479C-97A1-6B2D68A93D5D}.Release|ARM32.Build.0 = Release|Any CPU
		{FAC83EB5-B6D2-479C-97A1-6B2D68A93D5D}.Release|ARM64.ActiveCfg = Release|Any CPU
		{FAC83EB5-B6D2-479C-97A1-6B2D68A93D5D}.Release|ARM64.Build.0 = Release|Any CPU
		{FAC83EB5-B6D2-479C-97A1-6B2D68A93D5D}.Release|x64.ActiveCfg = Release|Any CPU
		{FAC83EB5-B6D2-479C-97A1-6B2D68A93D5D}.Release|x64.Build.0 = Release|Any CPU
		{FAC83EB5-B6D2-479C-97A1-6B2D68A93D5D}.Release|x86.ActiveCfg = Release|Any CPU
		{FAC83EB5-B6D2-479C-97A1-6B2D68A93D5D}.Release|x86.Build.0 = Release|Any CPU
		{157BD68F-276E-47DE-A7DF-DCE8218F121C}.Debug|Any CPU.ActiveCfg = Debug|Any CPU
		{157BD68F-276E-47DE-A7DF-DCE8218F121C}.Debug|Any CPU.Build.0 = Debug|Any CPU
		{157BD68F-276E-47DE-A7DF-DCE8218F121C}.Debug|ARM32.ActiveCfg = Debug|Any CPU
		{157BD68F-276E-47DE-A7DF-DCE8218F121C}.Debug|ARM32.Build.0 = Debug|Any CPU
		{157BD68F-276E-47DE-A7DF-DCE8218F121C}.Debug|ARM64.ActiveCfg = Debug|Any CPU
		{157BD68F-276E-47DE-A7DF-DCE8218F121C}.Debug|ARM64.Build.0 = Debug|Any CPU
		{157BD68F-276E-47DE-A7DF-DCE8218F121C}.Debug|x64.ActiveCfg = Debug|Any CPU
		{157BD68F-276E-47DE-A7DF-DCE8218F121C}.Debug|x64.Build.0 = Debug|Any CPU
		{157BD68F-276E-47DE-A7DF-DCE8218F121C}.Debug|x86.ActiveCfg = Debug|Any CPU
		{157BD68F-276E-47DE-A7DF-DCE8218F121C}.Debug|x86.Build.0 = Debug|Any CPU
		{157BD68F-276E-47DE-A7DF-DCE8218F121C}.Release|Any CPU.ActiveCfg = Release|Any CPU
		{157BD68F-276E-47DE-A7DF-DCE8218F121C}.Release|Any CPU.Build.0 = Release|Any CPU
		{157BD68F-276E-47DE-A7DF-DCE8218F121C}.Release|ARM32.ActiveCfg = Release|Any CPU
		{157BD68F-276E-47DE-A7DF-DCE8218F121C}.Release|ARM32.Build.0 = Release|Any CPU
		{157BD68F-276E-47DE-A7DF-DCE8218F121C}.Release|ARM64.ActiveCfg = Release|Any CPU
		{157BD68F-276E-47DE-A7DF-DCE8218F121C}.Release|ARM64.Build.0 = Release|Any CPU
		{157BD68F-276E-47DE-A7DF-DCE8218F121C}.Release|x64.ActiveCfg = Release|Any CPU
		{157BD68F-276E-47DE-A7DF-DCE8218F121C}.Release|x64.Build.0 = Release|Any CPU
		{157BD68F-276E-47DE-A7DF-DCE8218F121C}.Release|x86.ActiveCfg = Release|Any CPU
		{157BD68F-276E-47DE-A7DF-DCE8218F121C}.Release|x86.Build.0 = Release|Any CPU
	EndGlobalSection
	GlobalSection(SolutionProperties) = preSolution
		HideSolutionNode = FALSE
	EndGlobalSection
	GlobalSection(NestedProjects) = preSolution
		{1A305271-2A57-4D01-8126-9082A41387B4} = {264ED1D0-2D40-4CBF-8400-EB9522C5C2E9}
		{23AB6240-F85F-400C-BCC4-C3A430BDD7BA} = {264ED1D0-2D40-4CBF-8400-EB9522C5C2E9}
		{AB06E2A1-F69A-4301-90A0-99683B20F387} = {264ED1D0-2D40-4CBF-8400-EB9522C5C2E9}
		{451B09A0-17BD-428D-B4FF-841FB67DD79F} = {331A121A-9AD8-4E43-B696-B94A0C9C958F}
		{2DBB05E0-642F-4713-BE00-69867FFAA88D} = {423250A7-75B8-49F7-99FE-5E81152337F0}
		{4588C4B0-59D3-4C2C-B26C-6DAA1DF6978F} = {9BF8E4EC-374A-4BA5-B001-3A3AE5ADEAAB}
		{BFD36ECC-F4D4-4471-8CCF-5FE44BCD72F8} = {9BF8E4EC-374A-4BA5-B001-3A3AE5ADEAAB}
		{C033915E-5661-4322-AA2E-C8D34BED6586} = {9BF8E4EC-374A-4BA5-B001-3A3AE5ADEAAB}
		{A2BE4ED5-1451-4CFA-9146-4B947F8AF587} = {9BF8E4EC-374A-4BA5-B001-3A3AE5ADEAAB}
		{DC61FF00-802C-44D5-AFF8-FC824E93BEB6} = {9BF8E4EC-374A-4BA5-B001-3A3AE5ADEAAB}
		{F0946104-F5FF-40AA-8F3D-B205ED6B1C79} = {9BF8E4EC-374A-4BA5-B001-3A3AE5ADEAAB}
		{FAC83EB5-B6D2-479C-97A1-6B2D68A93D5D} = {9BF8E4EC-374A-4BA5-B001-3A3AE5ADEAAB}
		{157BD68F-276E-47DE-A7DF-DCE8218F121C} = {9BF8E4EC-374A-4BA5-B001-3A3AE5ADEAAB}
	EndGlobalSection
	GlobalSection(ExtensibilityGlobals) = postSolution
		SolutionGuid = {8F0F2A47-B1C2-47D1-B5E1-22BABFF9A476}
	EndGlobalSection
EndGlobal
